
Microsoft Visual Studio Solution File, Format Version 12.00
# Visual Studio Version 17
VisualStudioVersion = 17.9.34607.119
MinimumVisualStudioVersion = 10.0.40219.1
Project("{FAE04EC0-301F-11D3-BF4B-00C04F79EFBC}") = "EDP_ACT", "ACTIVITY 4\EDP_ACT.csproj", "{59512DC7-ABFE-45C3-A804-5804E012ED67}"
EndProject
Global
	GlobalSection(SolutionConfigurationPlatforms) = preSolution
		Debug|Any CPU = Debug|Any CPU
		Release|Any CPU = Release|Any CPU
	EndGlobalSection
	GlobalSection(ProjectConfigurationPlatforms) = postSolution
		{59512DC7-ABFE-45C3-A804-5804E012ED67}.Debug|Any CPU.ActiveCfg = Debug|Any CPU
		{59512DC7-ABFE-45C3-A804-5804E012ED67}.Debug|Any CPU.Build.0 = Debug|Any CPU
		{59512DC7-ABFE-45C3-A804-5804E012ED67}.Release|Any CPU.ActiveCfg = Release|Any CPU
		{59512DC7-ABFE-45C3-A804-5804E012ED67}.Release|Any CPU.Build.0 = Release|Any CPU
	EndGlobalSection
	GlobalSection(SolutionProperties) = preSolution
		HideSolutionNode = FALSE
	EndGlobalSection
	GlobalSection(ExtensibilityGlobals) = postSolution
		SolutionGuid = {B0AAE05C-AA12-45C0-A2E4-306A30913D98}
	EndGlobalSection
EndGlobal
